
Microsoft Visual Studio Solution File, Format Version 12.00
# Visual Studio Version 16
VisualStudioVersion = 16.0.30320.27
MinimumVisualStudioVersion = 10.0.40219.1
Project("{FAE04EC0-301F-11D3-BF4B-00C04F79EFBC}") = "XamarinForms.VisualDebug.Sample.Droid", "XamarinForms.VisualDebug\XamarinForms.VisualDebug.Android\XamarinForms.VisualDebug.Sample.Droid.csproj", "{5E290DC4-E055-4AB2-A3A8-8A4971C82AAD}"
EndProject
Project("{FAE04EC0-301F-11D3-BF4B-00C04F79EFBC}") = "XamarinForms.VisualDebug.Sample.iOS", "XamarinForms.VisualDebug\XamarinForms.VisualDebug.iOS\XamarinForms.VisualDebug.Sample.iOS.csproj", "{99324B97-0400-479C-A53A-32474584EC94}"
EndProject
Project("{9A19103F-16F7-4668-BE54-9A1E7A4F7556}") = "XamarinForms.VisualDebug.Sample", "XamarinForms.VisualDebug\XamarinForms.VisualDebug\XamarinForms.VisualDebug.Sample.csproj", "{623F7720-F5EB-40B6-9100-1F0F922FEEFF}"
EndProject
Project("{2150E333-8FDC-42A3-9474-1A3956D46DE8}") = "Samples", "Samples", "{1FEBA47F-18F8-4826-BF14-5CBB5FD09B23}"
EndProject
Project("{2150E333-8FDC-42A3-9474-1A3956D46DE8}") = "Library", "Library", "{CE9ED587-6B57-4F32-93C6-4ACB2ADDC8E8}"
EndProject
Project("{FAE04EC0-301F-11D3-BF4B-00C04F79EFBC}") = "XamarinForms.VisualDebug.Droid", "XamarinForms.VisualDebug.Droid\XamarinForms.VisualDebug.Droid.csproj", "{2928B5C7-777E-44C3-BFA5-D1E81DDC4C6E}"
EndProject
Project("{FAE04EC0-301F-11D3-BF4B-00C04F79EFBC}") = "XamarinForms.VisualDebug.iOS", "XamarinForms.VisualDebug.iOS\XamarinForms.VisualDebug.iOS.csproj", "{8FE1A92A-C129-40E9-8416-102FD0220954}"
EndProject
Project("{9A19103F-16F7-4668-BE54-9A1E7A4F7556}") = "XamarinForms.VisualDebug.Core", "XamarinForms.VisualDebug.Core\XamarinForms.VisualDebug.Core.csproj", "{76FC3717-E83A-4E95-A217-67625BB552A4}"
EndProject
Project("{2150E333-8FDC-42A3-9474-1A3956D46DE8}") = "Client", "Client", "{8A73102D-33BB-4ED0-9545-B749E25F8D44}"
EndProject
Project("{9092AA53-FB77-4645-B42D-1CCCA6BD08BD}") = "XamarinForms.VisualDebug.App", "XamarinForms.VisualDebug.App\XamarinForms.VisualDebug.App.njsproj", "{55B7385C-7378-4AE3-B60E-DAAF02A52289}"
EndProject
Project("{9A19103F-16F7-4668-BE54-9A1E7A4F7556}") = "VisualDebug.Models", "VisualDebug.Models\VisualDebug.Models.csproj", "{7AF15D3B-BBBA-4A79-A453-97EEE9EC9E2C}"
EndProject
Project("{2150E333-8FDC-42A3-9474-1A3956D46DE8}") = "Build", "Build", "{BC086F80-8481-423C-9A88-9757A390FB06}"
	ProjectSection(SolutionItems) = preProject
		azure-pipelines.yml = azure-pipelines.yml
		icon.png = icon.png
		LICENSE.md = LICENSE.md
		README.md = README.md
		XamarinForms.VisualDebug.nuspec = XamarinForms.VisualDebug.nuspec
	EndProjectSection
EndProject
Project("{2150E333-8FDC-42A3-9474-1A3956D46DE8}") = "Extensions", "Extensions", "{9351574A-1D6E-4023-8BA5-06E1CC56C52A}"
EndProject
Project("{FAE04EC0-301F-11D3-BF4B-00C04F79EFBC}") = "XamarinForms.VisualDebug.VsixExtension", "XamarinForms.VisualDebug.VISX\XamarinForms.VisualDebug.VsixExtension.csproj", "{2592D93F-3B4F-42BF-85B1-5A7726CE11E9}"
EndProject
Global
	GlobalSection(SolutionConfigurationPlatforms) = preSolution
		Debug|Any CPU = Debug|Any CPU
		Debug|iPhone = Debug|iPhone
		Debug|iPhoneSimulator = Debug|iPhoneSimulator
		Release|Any CPU = Release|Any CPU
		Release|iPhone = Release|iPhone
		Release|iPhoneSimulator = Release|iPhoneSimulator
	EndGlobalSection
	GlobalSection(ProjectConfigurationPlatforms) = postSolution
		{5E290DC4-E055-4AB2-A3A8-8A4971C82AAD}.Debug|Any CPU.ActiveCfg = Debug|Any CPU
		{5E290DC4-E055-4AB2-A3A8-8A4971C82AAD}.Debug|Any CPU.Build.0 = Debug|Any CPU
		{5E290DC4-E055-4AB2-A3A8-8A4971C82AAD}.Debug|Any CPU.Deploy.0 = Debug|Any CPU
		{5E290DC4-E055-4AB2-A3A8-8A4971C82AAD}.Debug|iPhone.ActiveCfg = Debug|Any CPU
		{5E290DC4-E055-4AB2-A3A8-8A4971C82AAD}.Debug|iPhone.Build.0 = Debug|Any CPU
		{5E290DC4-E055-4AB2-A3A8-8A4971C82AAD}.Debug|iPhone.Deploy.0 = Debug|Any CPU
		{5E290DC4-E055-4AB2-A3A8-8A4971C82AAD}.Debug|iPhoneSimulator.ActiveCfg = Debug|Any CPU
		{5E290DC4-E055-4AB2-A3A8-8A4971C82AAD}.Debug|iPhoneSimulator.Build.0 = Debug|Any CPU
		{5E290DC4-E055-4AB2-A3A8-8A4971C82AAD}.Debug|iPhoneSimulator.Deploy.0 = Debug|Any CPU
		{5E290DC4-E055-4AB2-A3A8-8A4971C82AAD}.Release|Any CPU.ActiveCfg = Release|Any CPU
		{5E290DC4-E055-4AB2-A3A8-8A4971C82AAD}.Release|Any CPU.Build.0 = Release|Any CPU
		{5E290DC4-E055-4AB2-A3A8-8A4971C82AAD}.Release|Any CPU.Deploy.0 = Release|Any CPU
		{5E290DC4-E055-4AB2-A3A8-8A4971C82AAD}.Release|iPhone.ActiveCfg = Release|Any CPU
		{5E290DC4-E055-4AB2-A3A8-8A4971C82AAD}.Release|iPhone.Build.0 = Release|Any CPU
		{5E290DC4-E055-4AB2-A3A8-8A4971C82AAD}.Release|iPhone.Deploy.0 = Release|Any CPU
		{5E290DC4-E055-4AB2-A3A8-8A4971C82AAD}.Release|iPhoneSimulator.ActiveCfg = Release|Any CPU
		{5E290DC4-E055-4AB2-A3A8-8A4971C82AAD}.Release|iPhoneSimulator.Build.0 = Release|Any CPU
		{5E290DC4-E055-4AB2-A3A8-8A4971C82AAD}.Release|iPhoneSimulator.Deploy.0 = Release|Any CPU
		{99324B97-0400-479C-A53A-32474584EC94}.Debug|Any CPU.ActiveCfg = Debug|iPhone
		{99324B97-0400-479C-A53A-32474584EC94}.Debug|Any CPU.Build.0 = Debug|iPhone
		{99324B97-0400-479C-A53A-32474584EC94}.Debug|Any CPU.Deploy.0 = Debug|iPhone
		{99324B97-0400-479C-A53A-32474584EC94}.Debug|iPhone.ActiveCfg = Debug|iPhone
		{99324B97-0400-479C-A53A-32474584EC94}.Debug|iPhone.Build.0 = Debug|iPhone
		{99324B97-0400-479C-A53A-32474584EC94}.Debug|iPhone.Deploy.0 = Debug|iPhone
		{99324B97-0400-479C-A53A-32474584EC94}.Debug|iPhoneSimulator.ActiveCfg = Debug|iPhoneSimulator
		{99324B97-0400-479C-A53A-32474584EC94}.Debug|iPhoneSimulator.Build.0 = Debug|iPhoneSimulator
		{99324B97-0400-479C-A53A-32474584EC94}.Debug|iPhoneSimulator.Deploy.0 = Debug|iPhoneSimulator
		{99324B97-0400-479C-A53A-32474584EC94}.Release|Any CPU.ActiveCfg = Release|iPhone
		{99324B97-0400-479C-A53A-32474584EC94}.Release|Any CPU.Build.0 = Release|iPhone
		{99324B97-0400-479C-A53A-32474584EC94}.Release|Any CPU.Deploy.0 = Release|iPhone
		{99324B97-0400-479C-A53A-32474584EC94}.Release|iPhone.ActiveCfg = Release|iPhone
		{99324B97-0400-479C-A53A-32474584EC94}.Release|iPhone.Build.0 = Release|iPhone
		{99324B97-0400-479C-A53A-32474584EC94}.Release|iPhone.Deploy.0 = Release|iPhone
		{99324B97-0400-479C-A53A-32474584EC94}.Release|iPhoneSimulator.ActiveCfg = Release|iPhoneSimulator
		{99324B97-0400-479C-A53A-32474584EC94}.Release|iPhoneSimulator.Build.0 = Release|iPhoneSimulator
		{99324B97-0400-479C-A53A-32474584EC94}.Release|iPhoneSimulator.Deploy.0 = Release|iPhoneSimulator
		{623F7720-F5EB-40B6-9100-1F0F922FEEFF}.Debug|Any CPU.ActiveCfg = Debug|Any CPU
		{623F7720-F5EB-40B6-9100-1F0F922FEEFF}.Debug|Any CPU.Build.0 = Debug|Any CPU
		{623F7720-F5EB-40B6-9100-1F0F922FEEFF}.Debug|Any CPU.Deploy.0 = Debug|Any CPU
		{623F7720-F5EB-40B6-9100-1F0F922FEEFF}.Debug|iPhone.ActiveCfg = Debug|Any CPU
		{623F7720-F5EB-40B6-9100-1F0F922FEEFF}.Debug|iPhone.Build.0 = Debug|Any CPU
		{623F7720-F5EB-40B6-9100-1F0F922FEEFF}.Debug|iPhone.Deploy.0 = Debug|Any CPU
		{623F7720-F5EB-40B6-9100-1F0F922FEEFF}.Debug|iPhoneSimulator.ActiveCfg = Debug|Any CPU
		{623F7720-F5EB-40B6-9100-1F0F922FEEFF}.Debug|iPhoneSimulator.Build.0 = Debug|Any CPU
		{623F7720-F5EB-40B6-9100-1F0F922FEEFF}.Debug|iPhoneSimulator.Deploy.0 = Debug|Any CPU
		{623F7720-F5EB-40B6-9100-1F0F922FEEFF}.Release|Any CPU.ActiveCfg = Release|Any CPU
		{623F7720-F5EB-40B6-9100-1F0F922FEEFF}.Release|Any CPU.Build.0 = Release|Any CPU
		{623F7720-F5EB-40B6-9100-1F0F922FEEFF}.Release|Any CPU.Deploy.0 = Release|Any CPU
		{623F7720-F5EB-40B6-9100-1F0F922FEEFF}.Release|iPhone.ActiveCfg = Release|Any CPU
		{623F7720-F5EB-40B6-9100-1F0F922FEEFF}.Release|iPhone.Build.0 = Release|Any CPU
		{623F7720-F5EB-40B6-9100-1F0F922FEEFF}.Release|iPhone.Deploy.0 = Release|Any CPU
		{623F7720-F5EB-40B6-9100-1F0F922FEEFF}.Release|iPhoneSimulator.ActiveCfg = Release|Any CPU
		{623F7720-F5EB-40B6-9100-1F0F922FEEFF}.Release|iPhoneSimulator.Build.0 = Release|Any CPU
		{623F7720-F5EB-40B6-9100-1F0F922FEEFF}.Release|iPhoneSimulator.Deploy.0 = Release|Any CPU
		{2928B5C7-777E-44C3-BFA5-D1E81DDC4C6E}.Debug|Any CPU.ActiveCfg = Debug|Any CPU
		{2928B5C7-777E-44C3-BFA5-D1E81DDC4C6E}.Debug|Any CPU.Build.0 = Debug|Any CPU
		{2928B5C7-777E-44C3-BFA5-D1E81DDC4C6E}.Debug|iPhone.ActiveCfg = Debug|Any CPU
		{2928B5C7-777E-44C3-BFA5-D1E81DDC4C6E}.Debug|iPhone.Build.0 = Debug|Any CPU
		{2928B5C7-777E-44C3-BFA5-D1E81DDC4C6E}.Debug|iPhoneSimulator.ActiveCfg = Debug|Any CPU
		{2928B5C7-777E-44C3-BFA5-D1E81DDC4C6E}.Debug|iPhoneSimulator.Build.0 = Debug|Any CPU
		{2928B5C7-777E-44C3-BFA5-D1E81DDC4C6E}.Release|Any CPU.ActiveCfg = Release|Any CPU
		{2928B5C7-777E-44C3-BFA5-D1E81DDC4C6E}.Release|Any CPU.Build.0 = Release|Any CPU
		{2928B5C7-777E-44C3-BFA5-D1E81DDC4C6E}.Release|iPhone.ActiveCfg = Release|Any CPU
		{2928B5C7-777E-44C3-BFA5-D1E81DDC4C6E}.Release|iPhone.Build.0 = Release|Any CPU
		{2928B5C7-777E-44C3-BFA5-D1E81DDC4C6E}.Release|iPhoneSimulator.ActiveCfg = Release|Any CPU
		{2928B5C7-777E-44C3-BFA5-D1E81DDC4C6E}.Release|iPhoneSimulator.Build.0 = Release|Any CPU
		{8FE1A92A-C129-40E9-8416-102FD0220954}.Debug|Any CPU.ActiveCfg = Debug|Any CPU
		{8FE1A92A-C129-40E9-8416-102FD0220954}.Debug|Any CPU.Build.0 = Debug|Any CPU
		{8FE1A92A-C129-40E9-8416-102FD0220954}.Debug|iPhone.ActiveCfg = Debug|Any CPU
		{8FE1A92A-C129-40E9-8416-102FD0220954}.Debug|iPhone.Build.0 = Debug|Any CPU
		{8FE1A92A-C129-40E9-8416-102FD0220954}.Debug|iPhoneSimulator.ActiveCfg = Debug|Any CPU
		{8FE1A92A-C129-40E9-8416-102FD0220954}.Debug|iPhoneSimulator.Build.0 = Debug|Any CPU
		{8FE1A92A-C129-40E9-8416-102FD0220954}.Release|Any CPU.ActiveCfg = Release|Any CPU
		{8FE1A92A-C129-40E9-8416-102FD0220954}.Release|Any CPU.Build.0 = Release|Any CPU
		{8FE1A92A-C129-40E9-8416-102FD0220954}.Release|iPhone.ActiveCfg = Release|Any CPU
		{8FE1A92A-C129-40E9-8416-102FD0220954}.Release|iPhone.Build.0 = Release|Any CPU
		{8FE1A92A-C129-40E9-8416-102FD0220954}.Release|iPhoneSimulator.ActiveCfg = Release|Any CPU
		{8FE1A92A-C129-40E9-8416-102FD0220954}.Release|iPhoneSimulator.Build.0 = Release|Any CPU
		{76FC3717-E83A-4E95-A217-67625BB552A4}.Debug|Any CPU.ActiveCfg = Debug|Any CPU
		{76FC3717-E83A-4E95-A217-67625BB552A4}.Debug|Any CPU.Build.0 = Debug|Any CPU
		{76FC3717-E83A-4E95-A217-67625BB552A4}.Debug|iPhone.ActiveCfg = Debug|Any CPU
		{76FC3717-E83A-4E95-A217-67625BB552A4}.Debug|iPhone.Build.0 = Debug|Any CPU
		{76FC3717-E83A-4E95-A217-67625BB552A4}.Debug|iPhoneSimulator.ActiveCfg = Debug|Any CPU
		{76FC3717-E83A-4E95-A217-67625BB552A4}.Debug|iPhoneSimulator.Build.0 = Debug|Any CPU
		{76FC3717-E83A-4E95-A217-67625BB552A4}.Release|Any CPU.ActiveCfg = Release|Any CPU
		{76FC3717-E83A-4E95-A217-67625BB552A4}.Release|Any CPU.Build.0 = Release|Any CPU
		{76FC3717-E83A-4E95-A217-67625BB552A4}.Release|iPhone.ActiveCfg = Release|Any CPU
		{76FC3717-E83A-4E95-A217-67625BB552A4}.Release|iPhone.Build.0 = Release|Any CPU
		{76FC3717-E83A-4E95-A217-67625BB552A4}.Release|iPhoneSimulator.ActiveCfg = Release|Any CPU
		{76FC3717-E83A-4E95-A217-67625BB552A4}.Release|iPhoneSimulator.Build.0 = Release|Any CPU
		{55B7385C-7378-4AE3-B60E-DAAF02A52289}.Debug|Any CPU.ActiveCfg = Debug|Any CPU
		{55B7385C-7378-4AE3-B60E-DAAF02A52289}.Debug|Any CPU.Build.0 = Debug|Any CPU
		{55B7385C-7378-4AE3-B60E-DAAF02A52289}.Debug|iPhone.ActiveCfg = Debug|Any CPU
		{55B7385C-7378-4AE3-B60E-DAAF02A52289}.Debug|iPhone.Build.0 = Debug|Any CPU
		{55B7385C-7378-4AE3-B60E-DAAF02A52289}.Debug|iPhoneSimulator.ActiveCfg = Debug|Any CPU
		{55B7385C-7378-4AE3-B60E-DAAF02A52289}.Debug|iPhoneSimulator.Build.0 = Debug|Any CPU
		{55B7385C-7378-4AE3-B60E-DAAF02A52289}.Release|Any CPU.ActiveCfg = Release|Any CPU
		{55B7385C-7378-4AE3-B60E-DAAF02A52289}.Release|Any CPU.Build.0 = Release|Any CPU
		{55B7385C-7378-4AE3-B60E-DAAF02A52289}.Release|iPhone.ActiveCfg = Release|Any CPU
		{55B7385C-7378-4AE3-B60E-DAAF02A52289}.Release|iPhone.Build.0 = Release|Any CPU
		{55B7385C-7378-4AE3-B60E-DAAF02A52289}.Release|iPhoneSimulator.ActiveCfg = Release|Any CPU
		{55B7385C-7378-4AE3-B60E-DAAF02A52289}.Release|iPhoneSimulator.Build.0 = Release|Any CPU
		{7AF15D3B-BBBA-4A79-A453-97EEE9EC9E2C}.Debug|Any CPU.ActiveCfg = Debug|Any CPU
		{7AF15D3B-BBBA-4A79-A453-97EEE9EC9E2C}.Debug|Any CPU.Build.0 = Debug|Any CPU
		{7AF15D3B-BBBA-4A79-A453-97EEE9EC9E2C}.Debug|iPhone.ActiveCfg = Debug|Any CPU
		{7AF15D3B-BBBA-4A79-A453-97EEE9EC9E2C}.Debug|iPhone.Build.0 = Debug|Any CPU
		{7AF15D3B-BBBA-4A79-A453-97EEE9EC9E2C}.Debug|iPhoneSimulator.ActiveCfg = Debug|Any CPU
		{7AF15D3B-BBBA-4A79-A453-97EEE9EC9E2C}.Debug|iPhoneSimulator.Build.0 = Debug|Any CPU
		{7AF15D3B-BBBA-4A79-A453-97EEE9EC9E2C}.Release|Any CPU.ActiveCfg = Release|Any CPU
		{7AF15D3B-BBBA-4A79-A453-97EEE9EC9E2C}.Release|Any CPU.Build.0 = Release|Any CPU
		{7AF15D3B-BBBA-4A79-A453-97EEE9EC9E2C}.Release|iPhone.ActiveCfg = Release|Any CPU
		{7AF15D3B-BBBA-4A79-A453-97EEE9EC9E2C}.Release|iPhone.Build.0 = Release|Any CPU
		{7AF15D3B-BBBA-4A79-A453-97EEE9EC9E2C}.Release|iPhoneSimulator.ActiveCfg = Release|Any CPU
		{7AF15D3B-BBBA-4A79-A453-97EEE9EC9E2C}.Release|iPhoneSimulator.Build.0 = Release|Any CPU
		{2592D93F-3B4F-42BF-85B1-5A7726CE11E9}.Debug|Any CPU.ActiveCfg = Debug|Any CPU
		{2592D93F-3B4F-42BF-85B1-5A7726CE11E9}.Debug|Any CPU.Build.0 = Debug|Any CPU
		{2592D93F-3B4F-42BF-85B1-5A7726CE11E9}.Debug|iPhone.ActiveCfg = Debug|Any CPU
		{2592D93F-3B4F-42BF-85B1-5A7726CE11E9}.Debug|iPhone.Build.0 = Debug|Any CPU
		{2592D93F-3B4F-42BF-85B1-5A7726CE11E9}.Debug|iPhoneSimulator.ActiveCfg = Debug|Any CPU
		{2592D93F-3B4F-42BF-85B1-5A7726CE11E9}.Debug|iPhoneSimulator.Build.0 = Debug|Any CPU
		{2592D93F-3B4F-42BF-85B1-5A7726CE11E9}.Release|Any CPU.ActiveCfg = Release|Any CPU
		{2592D93F-3B4F-42BF-85B1-5A7726CE11E9}.Release|Any CPU.Build.0 = Release|Any CPU
		{2592D93F-3B4F-42BF-85B1-5A7726CE11E9}.Release|iPhone.ActiveCfg = Release|Any CPU
		{2592D93F-3B4F-42BF-85B1-5A7726CE11E9}.Release|iPhone.Build.0 = Release|Any CPU
		{2592D93F-3B4F-42BF-85B1-5A7726CE11E9}.Release|iPhoneSimulator.ActiveCfg = Release|Any CPU
		{2592D93F-3B4F-42BF-85B1-5A7726CE11E9}.Release|iPhoneSimulator.Build.0 = Release|Any CPU
	EndGlobalSection
	GlobalSection(SolutionProperties) = preSolution
		HideSolutionNode = FALSE
	EndGlobalSection
	GlobalSection(NestedProjects) = preSolution
		{5E290DC4-E055-4AB2-A3A8-8A4971C82AAD} = {1FEBA47F-18F8-4826-BF14-5CBB5FD09B23}
		{99324B97-0400-479C-A53A-32474584EC94} = {1FEBA47F-18F8-4826-BF14-5CBB5FD09B23}
		{623F7720-F5EB-40B6-9100-1F0F922FEEFF} = {1FEBA47F-18F8-4826-BF14-5CBB5FD09B23}
		{2928B5C7-777E-44C3-BFA5-D1E81DDC4C6E} = {CE9ED587-6B57-4F32-93C6-4ACB2ADDC8E8}
		{8FE1A92A-C129-40E9-8416-102FD0220954} = {CE9ED587-6B57-4F32-93C6-4ACB2ADDC8E8}
		{76FC3717-E83A-4E95-A217-67625BB552A4} = {CE9ED587-6B57-4F32-93C6-4ACB2ADDC8E8}
		{55B7385C-7378-4AE3-B60E-DAAF02A52289} = {8A73102D-33BB-4ED0-9545-B749E25F8D44}
		{7AF15D3B-BBBA-4A79-A453-97EEE9EC9E2C} = {CE9ED587-6B57-4F32-93C6-4ACB2ADDC8E8}
		{2592D93F-3B4F-42BF-85B1-5A7726CE11E9} = {9351574A-1D6E-4023-8BA5-06E1CC56C52A}
	EndGlobalSection
	GlobalSection(ExtensibilityGlobals) = postSolution
		SolutionGuid = {504C142E-B5A9-4CA8-BF63-E3F3B6CE868D}
	EndGlobalSection
EndGlobal
